
Microsoft Visual Studio Solution File, Format Version 12.00
# Visual Studio Version 16
VisualStudioVersion = 16.0.31321.278
MinimumVisualStudioVersion = 10.0.40219.1
Project("{FAE04EC0-301F-11D3-BF4B-00C04F79EFBC}") = "WindowsFormsApp1_My Work_Week9", "WindowsFormsApp1_My Work_Week9.csproj", "{F8DBA4A6-CACD-4D8A-8785-A7CA05486B2E}"
EndProject
Global
	GlobalSection(SolutionConfigurationPlatforms) = preSolution
		Debug|Any CPU = Debug|Any CPU
		Release|Any CPU = Release|Any CPU
	EndGlobalSection
	GlobalSection(ProjectConfigurationPlatforms) = postSolution
		{F8DBA4A6-CACD-4D8A-8785-A7CA05486B2E}.Debug|Any CPU.ActiveCfg = Debug|Any CPU
		{F8DBA4A6-CACD-4D8A-8785-A7CA05486B2E}.Debug|Any CPU.Build.0 = Debug|Any CPU
		{F8DBA4A6-CACD-4D8A-8785-A7CA05486B2E}.Release|Any CPU.ActiveCfg = Release|Any CPU
		{F8DBA4A6-CACD-4D8A-8785-A7CA05486B2E}.Release|Any CPU.Build.0 = Release|Any CPU
	EndGlobalSection
	GlobalSection(SolutionProperties) = preSolution
		HideSolutionNode = FALSE
	EndGlobalSection
	GlobalSection(ExtensibilityGlobals) = postSolution
		SolutionGuid = {E71EFDAA-34D1-4782-8BC9-39C45649280B}
	EndGlobalSection
EndGlobal
