
Microsoft Visual Studio Solution File, Format Version 12.00
# Visual Studio Version 16
VisualStudioVersion = 16.0.31321.278
MinimumVisualStudioVersion = 10.0.40219.1
Project("{FAE04EC0-301F-11D3-BF4B-00C04F79EFBC}") = "MyWork_Week4", "MyWork_Week4.csproj", "{9B7DD8DB-F608-423C-B9B4-0F6995D16910}"
EndProject
Global
	GlobalSection(SolutionConfigurationPlatforms) = preSolution
		Debug|Any CPU = Debug|Any CPU
		Release|Any CPU = Release|Any CPU
	EndGlobalSection
	GlobalSection(ProjectConfigurationPlatforms) = postSolution
		{9B7DD8DB-F608-423C-B9B4-0F6995D16910}.Debug|Any CPU.ActiveCfg = Debug|Any CPU
		{9B7DD8DB-F608-423C-B9B4-0F6995D16910}.Debug|Any CPU.Build.0 = Debug|Any CPU
		{9B7DD8DB-F608-423C-B9B4-0F6995D16910}.Release|Any CPU.ActiveCfg = Release|Any CPU
		{9B7DD8DB-F608-423C-B9B4-0F6995D16910}.Release|Any CPU.Build.0 = Release|Any CPU
	EndGlobalSection
	GlobalSection(SolutionProperties) = preSolution
		HideSolutionNode = FALSE
	EndGlobalSection
	GlobalSection(ExtensibilityGlobals) = postSolution
		SolutionGuid = {63F224D0-DF22-4D9E-AE62-889CA3477FB4}
	EndGlobalSection
EndGlobal
